
Microsoft Visual Studio Solution File, Format Version 12.00
# Visual Studio Version 16
VisualStudioVersion = 16.0.30804.86
MinimumVisualStudioVersion = 10.0.40219.1
Project("{FAE04EC0-301F-11D3-BF4B-00C04F79EFBC}") = "10910111_2", "10910111_2\10910111_2.csproj", "{3C81A821-28C5-4BEF-8FED-6E50D20572A5}"
EndProject
Global
	GlobalSection(SolutionConfigurationPlatforms) = preSolution
		Debug|Any CPU = Debug|Any CPU
		Release|Any CPU = Release|Any CPU
	EndGlobalSection
	GlobalSection(ProjectConfigurationPlatforms) = postSolution
		{3C81A821-28C5-4BEF-8FED-6E50D20572A5}.Debug|Any CPU.ActiveCfg = Debug|Any CPU
		{3C81A821-28C5-4BEF-8FED-6E50D20572A5}.Debug|Any CPU.Build.0 = Debug|Any CPU
		{3C81A821-28C5-4BEF-8FED-6E50D20572A5}.Release|Any CPU.ActiveCfg = Release|Any CPU
		{3C81A821-28C5-4BEF-8FED-6E50D20572A5}.Release|Any CPU.Build.0 = Release|Any CPU
	EndGlobalSection
	GlobalSection(SolutionProperties) = preSolution
		HideSolutionNode = FALSE
	EndGlobalSection
	GlobalSection(ExtensibilityGlobals) = postSolution
		SolutionGuid = {568B1A2E-3214-4CBC-AE3F-07DDEFD84E0F}
	EndGlobalSection
EndGlobal
